<?xml version="1.0" encoding="utf-8"?>
<Project ToolsVersion="4.0" xmlns="http://schemas.microsoft.com/developer/msbuild/2003">
  <ItemGroup>
    <Filter Include="Source Files">
      <UniqueIdentifier>{4FC737F1-C7A5-4376-A066-2A32D752A2FF}</UniqueIdentifier>
      <Extensions>cpp;c;cc;cxx;c++;cppm;ixx;def;odl;idl;hpj;bat;asm;asmx</Extensions>
    </Filter>
    <Filter Include="Header Files">
      <UniqueIdentifier>{93995380-89BD-4b04-88EB-625FBE52EBFB}</UniqueIdentifier>
      <Extensions>h;hh;hpp;hxx;h++;hm;inl;inc;ipp;xsd</Extensions>
    </Filter>
    <Filter Include="Resource Files">
      <UniqueIdentifier>{67DA6AB6-F800-4c08-8B7A-83BB121AAD01}</UniqueIdentifier>
      <Extensions>rc;ico;cur;bmp;dlg;rc2;rct;bin;rgs;gif;jpg;jpeg;jpe;resx;tiff;tif;png;wav;mfcribbon-ms</Extensions>
    </Filter>
    <Filter Include="Header Files\GameMap">
      <UniqueIdentifier>{ab968311-7613-4a90-ae34-bcf93960f637}</UniqueIdentifier>
    </Filter>
    <Filter Include="Source Files\GameMap">
      <UniqueIdentifier>{b0eab564-3642-4401-9268-c35de5e5e67a}</UniqueIdentifier>
    </Filter>
    <Filter Include="Header Files\Utility">
      <UniqueIdentifier>{a5d74317-7ed8-40f5-a667-e4b6249f2710}</UniqueIdentifier>
    </Filter>
    <Filter Include="Source Files\Utility">
      <UniqueIdentifier>{a4c2b331-3416-434d-b3ad-b1b58d4d6a24}</UniqueIdentifier>
    </Filter>
    <Filter Include="Header Files\Mechanics">
      <UniqueIdentifier>{53b478ee-7165-441f-a1a6-e25bddfbaa4c}</UniqueIdentifier>
    </Filter>
    <Filter Include="Source Files\Mechanics">
      <UniqueIdentifier>{374b48b3-c67e-40d7-8d9f-56cdb2af8482}</UniqueIdentifier>
    </Filter>
    <Filter Include="Header Files\Entities">
      <UniqueIdentifier>{9a6058f6-c319-485c-b61e-db221d9957f2}</UniqueIdentifier>
    </Filter>
    <Filter Include="Source Files\Entities">
      <UniqueIdentifier>{2ed80907-b1b7-4d12-8a07-decf1443084a}</UniqueIdentifier>
    </Filter>
    <Filter Include="Header Files\Core">
      <UniqueIdentifier>{feef336a-244f-4689-bd4b-1a6b8666a5c6}</UniqueIdentifier>
    </Filter>
    <Filter Include="Header Files\Services">
      <UniqueIdentifier>{99957cca-afea-428f-a811-2f0290bbfba4}</UniqueIdentifier>
    </Filter>
    <Filter Include="Source Files\Services">
      <UniqueIdentifier>{867e5439-1494-4b1f-8ecf-0e9ba4a2c913}</UniqueIdentifier>
    </Filter>
    <Filter Include="Source Files\Core">
      <UniqueIdentifier>{a4565d9c-d9ba-4a49-9249-f0969b0366cd}</UniqueIdentifier>
    </Filter>
  </ItemGroup>
  <ItemGroup>
    <ClCompile Include="Main.cpp">
      <Filter>Source Files</Filter>
    </ClCompile>
    <ClCompile Include="src\GameMap\Planet.cpp">
      <Filter>Source Files\GameMap</Filter>
    </ClCompile>
    <ClCompile Include="src\GameMap\SolarSystem.cpp">
      <Filter>Source Files\GameMap</Filter>
    </ClCompile>
    <ClCompile Include="src\Utility\RandomGenerator.cpp">
      <Filter>Source Files\Utility</Filter>
    </ClCompile>
    <ClCompile Include="src\GameMap\Galaxy.cpp">
      <Filter>Source Files\GameMap</Filter>
    </ClCompile>
    <ClCompile Include="src\Mechanics\TravelAgent.cpp">
      <Filter>Source Files\Mechanics</Filter>
    </ClCompile>
    <ClCompile Include="src\Entities\Player.cpp">
      <Filter>Source Files\Entities</Filter>
    </ClCompile>
    <ClCompile Include="src\Services\GameTimeService.cpp">
      <Filter>Source Files\Services</Filter>
    </ClCompile>
    <ClCompile Include="src\Core\Game.cpp">
      <Filter>Source Files\Core</Filter>
    </ClCompile>
  </ItemGroup>
  <ItemGroup>
    <ClInclude Include="inc\GameMap\Planet.h">
      <Filter>Header Files\GameMap</Filter>
    </ClInclude>
    <ClInclude Include="inc\GameMap\SolarSystem.h">
      <Filter>Header Files\GameMap</Filter>
    </ClInclude>
    <ClInclude Include="inc\Utility\RandomGenerator.h">
      <Filter>Header Files\Utility</Filter>
    </ClInclude>
    <ClInclude Include="inc\GameMap\Galaxy.h">
      <Filter>Header Files\GameMap</Filter>
    </ClInclude>
    <ClInclude Include="inc\Mechanics\TravelAgent.h">
      <Filter>Header Files\Mechanics</Filter>
    </ClInclude>
    <ClInclude Include="inc\GameMap\AdjacencyType.h">
      <Filter>Header Files\GameMap</Filter>
    </ClInclude>
    <ClInclude Include="inc\Utility\EnumSerializer.h">
      <Filter>Header Files\Utility</Filter>
    </ClInclude>
    <ClInclude Include="inc\Entities\Player.h">
      <Filter>Header Files\Entities</Filter>
    </ClInclude>
    <ClInclude Include="inc\Services\GameTimeService.h">
      <Filter>Header Files\Services</Filter>
    </ClInclude>
    <ClInclude Include="inc\Services\ITimeObserver.h">
      <Filter>Header Files\Services</Filter>
    </ClInclude>
    <ClInclude Include="inc\Core\Game.h">
      <Filter>Header Files\Core</Filter>
    </ClInclude>
  </ItemGroup>
</Project>