<?xml version="1.0" encoding="utf-8"?>
<Project ToolsVersion="4.0" xmlns="http://schemas.microsoft.com/developer/msbuild/2003">
  <ItemGroup>
    <Filter Include="Source Files">
      <UniqueIdentifier>{4FC737F1-C7A5-4376-A066-2A32D752A2FF}</UniqueIdentifier>
      <Extensions>cpp;c;cc;cxx;c++;cppm;ixx;def;odl;idl;hpj;bat;asm;asmx</Extensions>
    </Filter>
    <Filter Include="Header Files">
      <UniqueIdentifier>{93995380-89BD-4b04-88EB-625FBE52EBFB}</UniqueIdentifier>
      <Extensions>h;hh;hpp;hxx;h++;hm;inl;inc;ipp;xsd</Extensions>
    </Filter>
    <Filter Include="Resource Files">
      <UniqueIdentifier>{67DA6AB6-F800-4c08-8B7A-83BB121AAD01}</UniqueIdentifier>
      <Extensions>rc;ico;cur;bmp;dlg;rc2;rct;bin;rgs;gif;jpg;jpeg;jpe;resx;tiff;tif;png;wav;mfcribbon-ms</Extensions>
    </Filter>
    <Filter Include="Header Files\GameMap">
      <UniqueIdentifier>{ab968311-7613-4a90-ae34-bcf93960f637}</UniqueIdentifier>
    </Filter>
    <Filter Include="Header Files\TimeServices">
      <UniqueIdentifier>{99957cca-afea-428f-a811-2f0290bbfba4}</UniqueIdentifier>
    </Filter>
    <Filter Include="Source Files\GameMap">
      <UniqueIdentifier>{b0eab564-3642-4401-9268-c35de5e5e67a}</UniqueIdentifier>
    </Filter>
    <Filter Include="Source Files\TimeServices">
      <UniqueIdentifier>{867e5439-1494-4b1f-8ecf-0e9ba4a2c913}</UniqueIdentifier>
    </Filter>
  </ItemGroup>
  <ItemGroup>
    <ClCompile Include="Main.cpp">
      <Filter>Source Files</Filter>
    </ClCompile>
    <ClCompile Include="src\GameMap\Planet.cpp">
      <Filter>Source Files\GameMap</Filter>
    </ClCompile>
    <ClCompile Include="src\TimeServices\GameTimeService.cpp">
      <Filter>Source Files\TimeServices</Filter>
    </ClCompile>
  </ItemGroup>
  <ItemGroup>
    <ClInclude Include="inc\GameMap\Planet.h">
      <Filter>Header Files\GameMap</Filter>
    </ClInclude>
    <ClInclude Include="inc\TimeServices\GameTimeService.h">
      <Filter>Header Files\TimeServices</Filter>
    </ClInclude>
    <ClInclude Include="inc\TimeServices\ITimeObserver.h">
      <Filter>Header Files\TimeServices</Filter>
    </ClInclude>
  </ItemGroup>
</Project>